
Microsoft Visual Studio Solution File, Format Version 12.00
# Visual Studio Version 17
VisualStudioVersion = 17.14.36518.9 d17.14
MinimumVisualStudioVersion = 10.0.40219.1
Project("{FAE04EC0-301F-11D3-BF4B-00C04F79EFBC}") = "PizzaDude", "PizzaDude\PizzaDude.csproj", "{1EBAF3AD-909C-4626-828C-AE7DC65FDE48}"
EndProject
Global
	GlobalSection(SolutionConfigurationPlatforms) = preSolution
		Debug|Any CPU = Debug|Any CPU
		Release|Any CPU = Release|Any CPU
	EndGlobalSection
	GlobalSection(ProjectConfigurationPlatforms) = postSolution
		{1EBAF3AD-909C-4626-828C-AE7DC65FDE48}.Debug|Any CPU.ActiveCfg = Debug|Any CPU
		{1EBAF3AD-909C-4626-828C-AE7DC65FDE48}.Debug|Any CPU.Build.0 = Debug|Any CPU
		{1EBAF3AD-909C-4626-828C-AE7DC65FDE48}.Release|Any CPU.ActiveCfg = Release|Any CPU
		{1EBAF3AD-909C-4626-828C-AE7DC65FDE48}.Release|Any CPU.Build.0 = Release|Any CPU
	EndGlobalSection
	GlobalSection(SolutionProperties) = preSolution
		HideSolutionNode = FALSE
	EndGlobalSection
	GlobalSection(ExtensibilityGlobals) = postSolution
		SolutionGuid = {CB361843-05D4-4F96-94F3-9DB279D63BE0}
	EndGlobalSection
EndGlobal
